
Microsoft Visual Studio Solution File, Format Version 12.00
# Visual Studio Version 17
VisualStudioVersion = 17.11.35312.102
MinimumVisualStudioVersion = 10.0.40219.1
Project("{FAE04EC0-301F-11D3-BF4B-00C04F79EFBC}") = "WebApplication1", "WebApplication1.csproj", "{D1BE89D2-A92C-4DC2-B94D-DB302C8AEEF8}"
EndProject
Global
	GlobalSection(SolutionConfigurationPlatforms) = preSolution
		Debug|Any CPU = Debug|Any CPU
		Release|Any CPU = Release|Any CPU
	EndGlobalSection
	GlobalSection(ProjectConfigurationPlatforms) = postSolution
		{D1BE89D2-A92C-4DC2-B94D-DB302C8AEEF8}.Debug|Any CPU.ActiveCfg = Debug|Any CPU
		{D1BE89D2-A92C-4DC2-B94D-DB302C8AEEF8}.Debug|Any CPU.Build.0 = Debug|Any CPU
		{D1BE89D2-A92C-4DC2-B94D-DB302C8AEEF8}.Release|Any CPU.ActiveCfg = Release|Any CPU
		{D1BE89D2-A92C-4DC2-B94D-DB302C8AEEF8}.Release|Any CPU.Build.0 = Release|Any CPU
	EndGlobalSection
	GlobalSection(SolutionProperties) = preSolution
		HideSolutionNode = FALSE
	EndGlobalSection
	GlobalSection(ExtensibilityGlobals) = postSolution
		SolutionGuid = {1809ED54-A9C4-44D8-86EC-41D1DD31F6FB}
	EndGlobalSection
EndGlobal
